
Microsoft Visual Studio Solution File, Format Version 12.00
# Visual Studio 15
VisualStudioVersion = 15.0.28307.572
MinimumVisualStudioVersion = 10.0.40219.1
Project("{8BC9CEB8-8B4A-11D0-8D11-00A0C91BC942}") = "Project2", "Project2\Project2.vcxproj", "{382D74C7-22E4-451F-9C2E-703398490844}"
EndProject
Global
	GlobalSection(SolutionConfigurationPlatforms) = preSolution
		Debug|x64 = Debug|x64
		Debug|x86 = Debug|x86
		Release|x64 = Release|x64
		Release|x86 = Release|x86
	EndGlobalSection
	GlobalSection(ProjectConfigurationPlatforms) = postSolution
		{382D74C7-22E4-451F-9C2E-703398490844}.Debug|x64.ActiveCfg = Debug|x64
		{382D74C7-22E4-451F-9C2E-703398490844}.Debug|x64.Build.0 = Debug|x64
		{382D74C7-22E4-451F-9C2E-703398490844}.Debug|x86.ActiveCfg = Debug|Win32
		{382D74C7-22E4-451F-9C2E-703398490844}.Debug|x86.Build.0 = Debug|Win32
		{382D74C7-22E4-451F-9C2E-703398490844}.Release|x64.ActiveCfg = Release|x64
		{382D74C7-22E4-451F-9C2E-703398490844}.Release|x64.Build.0 = Release|x64
		{382D74C7-22E4-451F-9C2E-703398490844}.Release|x86.ActiveCfg = Release|Win32
		{382D74C7-22E4-451F-9C2E-703398490844}.Release|x86.Build.0 = Release|Win32
	EndGlobalSection
	GlobalSection(SolutionProperties) = preSolution
		HideSolutionNode = FALSE
	EndGlobalSection
	GlobalSection(ExtensibilityGlobals) = postSolution
		SolutionGuid = {324CDCB0-B872-4F2F-A05E-59D2D778211C}
	EndGlobalSection
EndGlobal
